// !$*UTF8*$!
{
	archiveVersion = 1;
	classes = {
	};
	objectVersion = 55;
	objects = {

/* Begin PBXBuildFile section */
		0AC8754828AC3304004E0B91 /* MapApp.swift in Sources */ = {isa = PBXBuildFile; fileRef = 0AC8754728AC3304004E0B91 /* MapApp.swift */; };
		0AC8754A28AC3304004E0B91 /* LocationsView.swift in Sources */ = {isa = PBXBuildFile; fileRef = 0AC8754928AC3304004E0B91 /* LocationsView.swift */; };
		0AC8754C28AC3305004E0B91 /* Assets.xcassets in Resources */ = {isa = PBXBuildFile; fileRef = 0AC8754B28AC3305004E0B91 /* Assets.xcassets */; };
		0AC8754F28AC3305004E0B91 /* Preview Assets.xcassets in Resources */ = {isa = PBXBuildFile; fileRef = 0AC8754E28AC3305004E0B91 /* Preview Assets.xcassets */; };
		0AC8755928AC3470004E0B91 /* Location.swift in Sources */ = {isa = PBXBuildFile; fileRef = 0AC8755828AC3470004E0B91 /* Location.swift */; };
		0AC8755C28AC3645004E0B91 /* LocationsDataService.swift in Sources */ = {isa = PBXBuildFile; fileRef = 0AC8755B28AC3645004E0B91 /* LocationsDataService.swift */; };
		0AC8755E28AC3743004E0B91 /* LocationsViewModel.swift in Sources */ = {isa = PBXBuildFile; fileRef = 0AC8755D28AC3743004E0B91 /* LocationsViewModel.swift */; };
		0AC8756228AC408E004E0B91 /* LocationsListView.swift in Sources */ = {isa = PBXBuildFile; fileRef = 0AC8756128AC408E004E0B91 /* LocationsListView.swift */; };
		0AC8756428AD6F6F004E0B91 /* LocationPreviewView.swift in Sources */ = {isa = PBXBuildFile; fileRef = 0AC8756328AD6F6F004E0B91 /* LocationPreviewView.swift */; };
		0AC8756628AD8C60004E0B91 /* LocationMapAnnotationView.swift in Sources */ = {isa = PBXBuildFile; fileRef = 0AC8756528AD8C60004E0B91 /* LocationMapAnnotationView.swift */; };
/* End PBXBuildFile section */

/* Begin PBXFileReference section */
		0AC8754428AC3304004E0B91 /* MapApp.app */ = {isa = PBXFileReference; explicitFileType = wrapper.application; includeInIndex = 0; path = MapApp.app; sourceTree = BUILT_PRODUCTS_DIR; };
		0AC8754728AC3304004E0B91 /* MapApp.swift */ = {isa = PBXFileReference; lastKnownFileType = sourcecode.swift; path = MapApp.swift; sourceTree = "<group>"; };
		0AC8754928AC3304004E0B91 /* LocationsView.swift */ = {isa = PBXFileReference; lastKnownFileType = sourcecode.swift; path = LocationsView.swift; sourceTree = "<group>"; };
		0AC8754B28AC3305004E0B91 /* Assets.xcassets */ = {isa = PBXFileReference; lastKnownFileType = folder.assetcatalog; path = Assets.xcassets; sourceTree = "<group>"; };
		0AC8754E28AC3305004E0B91 /* Preview Assets.xcassets */ = {isa = PBXFileReference; lastKnownFileType = folder.assetcatalog; path = "Preview Assets.xcassets"; sourceTree = "<group>"; };
		0AC8755828AC3470004E0B91 /* Location.swift */ = {isa = PBXFileReference; lastKnownFileType = sourcecode.swift; path = Location.swift; sourceTree = "<group>"; };
		0AC8755B28AC3645004E0B91 /* LocationsDataService.swift */ = {isa = PBXFileReference; lastKnownFileType = sourcecode.swift; path = LocationsDataService.swift; sourceTree = "<group>"; };
		0AC8755D28AC3743004E0B91 /* LocationsViewModel.swift */ = {isa = PBXFileReference; lastKnownFileType = sourcecode.swift; path = LocationsViewModel.swift; sourceTree = "<group>"; };
		0AC8756128AC408E004E0B91 /* LocationsListView.swift */ = {isa = PBXFileReference; lastKnownFileType = sourcecode.swift; path = LocationsListView.swift; sourceTree = "<group>"; };
		0AC8756328AD6F6F004E0B91 /* LocationPreviewView.swift */ = {isa = PBXFileReference; lastKnownFileType = sourcecode.swift; path = LocationPreviewView.swift; sourceTree = "<group>"; };
		0AC8756528AD8C60004E0B91 /* LocationMapAnnotationView.swift */ = {isa = PBXFileReference; lastKnownFileType = sourcecode.swift; path = LocationMapAnnotationView.swift; sourceTree = "<group>"; };
/* End PBXFileReference section */

/* Begin PBXFrameworksBuildPhase section */
		0AC8754128AC3304004E0B91 /* Frameworks */ = {
			isa = PBXFrameworksBuildPhase;
			buildActionMask = 2147483647;
			files = (
			);
			runOnlyForDeploymentPostprocessing = 0;
		};
/* End PBXFrameworksBuildPhase section */

/* Begin PBXGroup section */
		0AC8753B28AC3304004E0B91 = {
			isa = PBXGroup;
			children = (
				0AC8754628AC3304004E0B91 /* MapApp */,
				0AC8754528AC3304004E0B91 /* Products */,
			);
			sourceTree = "<group>";
		};
		0AC8754528AC3304004E0B91 /* Products */ = {
			isa = PBXGroup;
			children = (
				0AC8754428AC3304004E0B91 /* MapApp.app */,
			);
			name = Products;
			sourceTree = "<group>";
		};
		0AC8754628AC3304004E0B91 /* MapApp */ = {
			isa = PBXGroup;
			children = (
				0AC8754728AC3304004E0B91 /* MapApp.swift */,
				0AC8755A28AC3604004E0B91 /* DataServices */,
				0AC8755628AC343C004E0B91 /* ViewModels */,
				0AC8755528AC342F004E0B91 /* Models */,
				0AC8755728AC3447004E0B91 /* Views */,
				0AC8754B28AC3305004E0B91 /* Assets.xcassets */,
				0AC8754D28AC3305004E0B91 /* Preview Content */,
			);
			path = MapApp;
			sourceTree = "<group>";
		};
		0AC8754D28AC3305004E0B91 /* Preview Content */ = {
			isa = PBXGroup;
			children = (
				0AC8754E28AC3305004E0B91 /* Preview Assets.xcassets */,
			);
			path = "Preview Content";
			sourceTree = "<group>";
		};
		0AC8755528AC342F004E0B91 /* Models */ = {
			isa = PBXGroup;
			children = (
				0AC8755828AC3470004E0B91 /* Location.swift */,
			);
			path = Models;
			sourceTree = "<group>";
		};
		0AC8755628AC343C004E0B91 /* ViewModels */ = {
			isa = PBXGroup;
			children = (
				0AC8755D28AC3743004E0B91 /* LocationsViewModel.swift */,
			);
			path = ViewModels;
			sourceTree = "<group>";
		};
		0AC8755728AC3447004E0B91 /* Views */ = {
			isa = PBXGroup;
			children = (
				0AC8754928AC3304004E0B91 /* LocationsView.swift */,
				0AC8756128AC408E004E0B91 /* LocationsListView.swift */,
				0AC8756328AD6F6F004E0B91 /* LocationPreviewView.swift */,
				0AC8756528AD8C60004E0B91 /* LocationMapAnnotationView.swift */,
			);
			path = Views;
			sourceTree = "<group>";
		};
		0AC8755A28AC3604004E0B91 /* DataServices */ = {
			isa = PBXGroup;
			children = (
				0AC8755B28AC3645004E0B91 /* LocationsDataService.swift */,
			);
			path = DataServices;
			sourceTree = "<group>";
		};
/* End PBXGroup section */

/* Begin PBXNativeTarget section */
		0AC8754328AC3304004E0B91 /* MapApp */ = {
			isa = PBXNativeTarget;
			buildConfigurationList = 0AC8755228AC3305004E0B91 /* Build configuration list for PBXNativeTarget "MapApp" */;
			buildPhases = (
				0AC8754028AC3304004E0B91 /* Sources */,
				0AC8754128AC3304004E0B91 /* Frameworks */,
				0AC8754228AC3304004E0B91 /* Resources */,
			);
			buildRules = (
			);
			dependencies = (
			);
			name = MapApp;
			productName = MapApp;
			productReference = 0AC8754428AC3304004E0B91 /* MapApp.app */;
			productType = "com.apple.product-type.application";
		};
/* End PBXNativeTarget section */

/* Begin PBXProject section */
		0AC8753C28AC3304004E0B91 /* Project object */ = {
			isa = PBXProject;
			attributes = {
				BuildIndependentTargetsInParallel = 1;
				LastSwiftUpdateCheck = 1340;
				LastUpgradeCheck = 1340;
				TargetAttributes = {
					0AC8754328AC3304004E0B91 = {
						CreatedOnToolsVersion = 13.4.1;
					};
				};
			};
			buildConfigurationList = 0AC8753F28AC3304004E0B91 /* Build configuration list for PBXProject "MapApp" */;
			compatibilityVersion = "Xcode 13.0";
			developmentRegion = en;
			hasScannedForEncodings = 0;
			knownRegions = (
				en,
				Base,
			);
			mainGroup = 0AC8753B28AC3304004E0B91;
			productRefGroup = 0AC8754528AC3304004E0B91 /* Products */;
			projectDirPath = "";
			projectRoot = "";
			targets = (
				0AC8754328AC3304004E0B91 /* MapApp */,
			);
		};
/* End PBXProject section */

/* Begin PBXResourcesBuildPhase section */
		0AC8754228AC3304004E0B91 /* Resources */ = {
			isa = PBXResourcesBuildPhase;
			buildActionMask = 2147483647;
			files = (
				0AC8754F28AC3305004E0B91 /* Preview Assets.xcassets in Resources */,
				0AC8754C28AC3305004E0B91 /* Assets.xcassets in Resources */,
			);
			runOnlyForDeploymentPostprocessing = 0;
		};
/* End PBXResourcesBuildPhase section */

/* Begin PBXSourcesBuildPhase section */
		0AC8754028AC3304004E0B91 /* Sources */ = {
			isa = PBXSourcesBuildPhase;
			buildActionMask = 2147483647;
			files = (
				0AC8755C28AC3645004E0B91 /* LocationsDataService.swift in Sources */,
				0AC8754A28AC3304004E0B91 /* LocationsView.swift in Sources */,
				0AC8755928AC3470004E0B91 /* Location.swift in Sources */,
				0AC8756228AC408E004E0B91 /* LocationsListView.swift in Sources */,
				0AC8756428AD6F6F004E0B91 /* LocationPreviewView.swift in Sources */,
				0AC8754828AC3304004E0B91 /* MapApp.swift in Sources */,
				0AC8755E28AC3743004E0B91 /* LocationsViewModel.swift in Sources */,
				0AC8756628AD8C60004E0B91 /* LocationMapAnnotationView.swift in Sources */,
			);
			runOnlyForDeploymentPostprocessing = 0;
		};
/* End PBXSourcesBuildPhase section */

/* Begin XCBuildConfiguration section */
		0AC8755028AC3305004E0B91 /* Debug */ = {
			isa = XCBuildConfiguration;
			buildSettings = {
				ALWAYS_SEARCH_USER_PATHS = NO;
				CLANG_ANALYZER_NONNULL = YES;
				CLANG_ANALYZER_NUMBER_OBJECT_CONVERSION = YES_AGGRESSIVE;
				CLANG_CXX_LANGUAGE_STANDARD = "gnu++17";
				CLANG_ENABLE_MODULES = YES;
				CLANG_ENABLE_OBJC_ARC = YES;
				CLANG_ENABLE_OBJC_WEAK = YES;
				CLANG_WARN_BLOCK_CAPTURE_AUTORELEASING = YES;
				CLANG_WARN_BOOL_CONVERSION = YES;
				CLANG_WARN_COMMA = YES;
				CLANG_WARN_CONSTANT_CONVERSION = YES;
				CLANG_WARN_DEPRECATED_OBJC_IMPLEMENTATIONS = YES;
				CLANG_WARN_DIRECT_OBJC_ISA_USAGE = YES_ERROR;
				CLANG_WARN_DOCUMENTATION_COMMENTS = YES;
				CLANG_WARN_EMPTY_BODY = YES;
				CLANG_WARN_ENUM_CONVERSION = YES;
				CLANG_WARN_INFINITE_RECURSION = YES;
				CLANG_WARN_INT_CONVERSION = YES;
				CLANG_WARN_NON_LITERAL_NULL_CONVERSION = YES;
				CLANG_WARN_OBJC_IMPLICIT_RETAIN_SELF = YES;
				CLANG_WARN_OBJC_LITERAL_CONVERSION = YES;
				CLANG_WARN_OBJC_ROOT_CLASS = YES_ERROR;
				CLANG_WARN_QUOTED_INCLUDE_IN_FRAMEWORK_HEADER = YES;
				CLANG_WARN_RANGE_LOOP_ANALYSIS = YES;
				CLANG_WARN_STRICT_PROTOTYPES = YES;
				CLANG_WARN_SUSPICIOUS_MOVE = YES;
				CLANG_WARN_UNGUARDED_AVAILABILITY = YES_AGGRESSIVE;
				CLANG_WARN_UNREACHABLE_CODE = YES;
				CLANG_WARN__DUPLICATE_METHOD_MATCH = YES;
				COPY_PHASE_STRIP = NO;
				DEBUG_INFORMATION_FORMAT = dwarf;
				ENABLE_STRICT_OBJC_MSGSEND = YES;
				ENABLE_TESTABILITY = YES;
				GCC_C_LANGUAGE_STANDARD = gnu11;
				GCC_DYNAMIC_NO_PIC = NO;
				GCC_NO_COMMON_BLOCKS = YES;
				GCC_OPTIMIZATION_LEVEL = 0;
				GCC_PREPROCESSOR_DEFINITIONS = (
					"DEBUG=1",
					"$(inherited)",
				);
				GCC_WARN_64_TO_32_BIT_CONVERSION = YES;
				GCC_WARN_ABOUT_RETURN_TYPE = YES_ERROR;
				GCC_WARN_UNDECLARED_SELECTOR = YES;
				GCC_WARN_UNINITIALIZED_AUTOS = YES_AGGRESSIVE;
				GCC_WARN_UNUSED_FUNCTION = YES;
				GCC_WARN_UNUSED_VARIABLE = YES;
				IPHONEOS_DEPLOYMENT_TARGET = 15.5;
				MTL_ENABLE_DEBUG_INFO = INCLUDE_SOURCE;
				MTL_FAST_MATH = YES;
				ONLY_ACTIVE_ARCH = YES;
				SDKROOT = iphoneos;
				SWIFT_ACTIVE_COMPILATION_CONDITIONS = DEBUG;
				SWIFT_OPTIMIZATION_LEVEL = "-Onone";
			};
			name = Debug;
		};
		0AC8755128AC3305004E0B91 /* Release */ = {
			isa = XCBuildConfiguration;
			buildSettings = {
				ALWAYS_SEARCH_USER_PATHS = NO;
				CLANG_ANALYZER_NONNULL = YES;
				CLANG_ANALYZER_NUMBER_OBJECT_CONVERSION = YES_AGGRESSIVE;
				CLANG_CXX_LANGUAGE_STANDARD = "gnu++17";
				CLANG_ENABLE_MODULES = YES;
				CLANG_ENABLE_OBJC_ARC = YES;
				CLANG_ENABLE_OBJC_WEAK = YES;
				CLANG_WARN_BLOCK_CAPTURE_AUTORELEASING = YES;
				CLANG_WARN_BOOL_CONVERSION = YES;
				CLANG_WARN_COMMA = YES;
				CLANG_WARN_CONSTANT_CONVERSION = YES;
				CLANG_WARN_DEPRECATED_OBJC_IMPLEMENTATIONS = YES;
				CLANG_WARN_DIRECT_OBJC_ISA_USAGE = YES_ERROR;
				CLANG_WARN_DOCUMENTATION_COMMENTS = YES;
				CLANG_WARN_EMPTY_BODY = YES;
				CLANG_WARN_ENUM_CONVERSION = YES;
				CLANG_WARN_INFINITE_RECURSION = YES;
				CLANG_WARN_INT_CONVERSION = YES;
				CLANG_WARN_NON_LITERAL_NULL_CONVERSION = YES;
				CLANG_WARN_OBJC_IMPLICIT_RETAIN_SELF = YES;
				CLANG_WARN_OBJC_LITERAL_CONVERSION = YES;
				CLANG_WARN_OBJC_ROOT_CLASS = YES_ERROR;
				CLANG_WARN_QUOTED_INCLUDE_IN_FRAMEWORK_HEADER = YES;
				CLANG_WARN_RANGE_LOOP_ANALYSIS = YES;
				CLANG_WARN_STRICT_PROTOTYPES = YES;
				CLANG_WARN_SUSPICIOUS_MOVE = YES;
				CLANG_WARN_UNGUARDED_AVAILABILITY = YES_AGGRESSIVE;
				CLANG_WARN_UNREACHABLE_CODE = YES;
				CLANG_WARN__DUPLICATE_METHOD_MATCH = YES;
				COPY_PHASE_STRIP = NO;
				DEBUG_INFORMATION_FORMAT = "dwarf-with-dsym";
				ENABLE_NS_ASSERTIONS = NO;
				ENABLE_STRICT_OBJC_MSGSEND = YES;
				GCC_C_LANGUAGE_STANDARD = gnu11;
				GCC_NO_COMMON_BLOCKS = YES;
				GCC_WARN_64_TO_32_BIT_CONVERSION = YES;
				GCC_WARN_ABOUT_RETURN_TYPE = YES_ERROR;
				GCC_WARN_UNDECLARED_SELECTOR = YES;
				GCC_WARN_UNINITIALIZED_AUTOS = YES_AGGRESSIVE;
				GCC_WARN_UNUSED_FUNCTION = YES;
				GCC_WARN_UNUSED_VARIABLE = YES;
				IPHONEOS_DEPLOYMENT_TARGET = 15.5;
				MTL_ENABLE_DEBUG_INFO = NO;
				MTL_FAST_MATH = YES;
				SDKROOT = iphoneos;
				SWIFT_COMPILATION_MODE = wholemodule;
				SWIFT_OPTIMIZATION_LEVEL = "-O";
				VALIDATE_PRODUCT = YES;
			};
			name = Release;
		};
		0AC8755328AC3305004E0B91 /* Debug */ = {
			isa = XCBuildConfiguration;
			buildSettings = {
				ASSETCATALOG_COMPILER_APPICON_NAME = AppIcon;
				ASSETCATALOG_COMPILER_GLOBAL_ACCENT_COLOR_NAME = AccentColor;
				CODE_SIGN_STYLE = Automatic;
				CURRENT_PROJECT_VERSION = 1;
				DEVELOPMENT_ASSET_PATHS = "\"MapApp/Preview Content\"";
				DEVELOPMENT_TEAM = 3FV5J94G7D;
				ENABLE_PREVIEWS = YES;
				GENERATE_INFOPLIST_FILE = YES;
				INFOPLIST_KEY_UIApplicationSceneManifest_Generation = YES;
				INFOPLIST_KEY_UIApplicationSupportsIndirectInputEvents = YES;
				INFOPLIST_KEY_UILaunchScreen_Generation = YES;
				INFOPLIST_KEY_UISupportedInterfaceOrientations_iPad = "UIInterfaceOrientationPortrait UIInterfaceOrientationPortraitUpsideDown UIInterfaceOrientationLandscapeLeft UIInterfaceOrientationLandscapeRight";
				INFOPLIST_KEY_UISupportedInterfaceOrientations_iPhone = "UIInterfaceOrientationPortrait UIInterfaceOrientationLandscapeLeft UIInterfaceOrientationLandscapeRight";
				LD_RUNPATH_SEARCH_PATHS = (
					"$(inherited)",
					"@executable_path/Frameworks",
				);
				MARKETING_VERSION = 1.0;
				PRODUCT_BUNDLE_IDENTIFIER = com.maxkup19.MapApp;
				PRODUCT_NAME = "$(TARGET_NAME)";
				SWIFT_EMIT_LOC_STRINGS = YES;
				SWIFT_VERSION = 5.0;
				TARGETED_DEVICE_FAMILY = "1,2";
			};
			name = Debug;
		};
		0AC8755428AC3305004E0B91 /* Release */ = {
			isa = XCBuildConfiguration;
			buildSettings = {
				ASSETCATALOG_COMPILER_APPICON_NAME = AppIcon;
				ASSETCATALOG_COMPILER_GLOBAL_ACCENT_COLOR_NAME = AccentColor;
				CODE_SIGN_STYLE = Automatic;
				CURRENT_PROJECT_VERSION = 1;
				DEVELOPMENT_ASSET_PATHS = "\"MapApp/Preview Content\"";
				DEVELOPMENT_TEAM = 3FV5J94G7D;
				ENABLE_PREVIEWS = YES;
				GENERATE_INFOPLIST_FILE = YES;
				INFOPLIST_KEY_UIApplicationSceneManifest_Generation = YES;
				INFOPLIST_KEY_UIApplicationSupportsIndirectInputEvents = YES;
				INFOPLIST_KEY_UILaunchScreen_Generation = YES;
				INFOPLIST_KEY_UISupportedInterfaceOrientations_iPad = "UIInterfaceOrientationPortrait UIInterfaceOrientationPortraitUpsideDown UIInterfaceOrientationLandscapeLeft UIInterfaceOrientationLandscapeRight";
				INFOPLIST_KEY_UISupportedInterfaceOrientations_iPhone = "UIInterfaceOrientationPortrait UIInterfaceOrientationLandscapeLeft UIInterfaceOrientationLandscapeRight";
				LD_RUNPATH_SEARCH_PATHS = (
					"$(inherited)",
					"@executable_path/Frameworks",
				);
				MARKETING_VERSION = 1.0;
				PRODUCT_BUNDLE_IDENTIFIER = com.maxkup19.MapApp;
				PRODUCT_NAME = "$(TARGET_NAME)";
				SWIFT_EMIT_LOC_STRINGS = YES;
				SWIFT_VERSION = 5.0;
				TARGETED_DEVICE_FAMILY = "1,2";
			};
			name = Release;
		};
/* End XCBuildConfiguration section */

/* Begin XCConfigurationList section */
		0AC8753F28AC3304004E0B91 /* Build configuration list for PBXProject "MapApp" */ = {
			isa = XCConfigurationList;
			buildConfigurations = (
				0AC8755028AC3305004E0B91 /* Debug */,
				0AC8755128AC3305004E0B91 /* Release */,
			);
			defaultConfigurationIsVisible = 0;
			defaultConfigurationName = Release;
		};
		0AC8755228AC3305004E0B91 /* Build configuration list for PBXNativeTarget "MapApp" */ = {
			isa = XCConfigurationList;
			buildConfigurations = (
				0AC8755328AC3305004E0B91 /* Debug */,
				0AC8755428AC3305004E0B91 /* Release */,
			);
			defaultConfigurationIsVisible = 0;
			defaultConfigurationName = Release;
		};
/* End XCConfigurationList section */
	};
	rootObject = 0AC8753C28AC3304004E0B91 /* Project object */;
}
